
Microsoft Visual Studio Solution File, Format Version 12.00
# Visual Studio Version 17
VisualStudioVersion = 17.10.35013.160
MinimumVisualStudioVersion = 10.0.40219.1
Project("{FAE04EC0-301F-11D3-BF4B-00C04F79EFBC}") = "InfoBretesApi", "InfoBretesApi\InfoBretesApi.csproj", "{63F52851-B686-44EB-B2E0-808B3F2DB73B}"
EndProject
Global
	GlobalSection(SolutionConfigurationPlatforms) = preSolution
		Debug|Any CPU = Debug|Any CPU
		Release|Any CPU = Release|Any CPU
	EndGlobalSection
	GlobalSection(ProjectConfigurationPlatforms) = postSolution
		{63F52851-B686-44EB-B2E0-808B3F2DB73B}.Debug|Any CPU.ActiveCfg = Debug|Any CPU
		{63F52851-B686-44EB-B2E0-808B3F2DB73B}.Debug|Any CPU.Build.0 = Debug|Any CPU
		{63F52851-B686-44EB-B2E0-808B3F2DB73B}.Release|Any CPU.ActiveCfg = Release|Any CPU
		{63F52851-B686-44EB-B2E0-808B3F2DB73B}.Release|Any CPU.Build.0 = Release|Any CPU
	EndGlobalSection
	GlobalSection(SolutionProperties) = preSolution
		HideSolutionNode = FALSE
	EndGlobalSection
	GlobalSection(ExtensibilityGlobals) = postSolution
		SolutionGuid = {38EED2B3-6857-4189-A874-0366A9A187FA}
	EndGlobalSection
EndGlobal
